
Microsoft Visual Studio Solution File, Format Version 12.00
# Visual Studio Version 17
VisualStudioVersion = 17.5.002.0
MinimumVisualStudioVersion = 10.0.40219.1
Project("{9A19103F-16F7-4668-BE54-9A1E7A4F7556}") = "RP_back", "RP_back.csproj", "{BA32644D-6C92-4577-BD62-82BD5DDBAD66}"
EndProject
Global
	GlobalSection(SolutionConfigurationPlatforms) = preSolution
		Debug|Any CPU = Debug|Any CPU
		Release|Any CPU = Release|Any CPU
	EndGlobalSection
	GlobalSection(ProjectConfigurationPlatforms) = postSolution
		{BA32644D-6C92-4577-BD62-82BD5DDBAD66}.Debug|Any CPU.ActiveCfg = Debug|Any CPU
		{BA32644D-6C92-4577-BD62-82BD5DDBAD66}.Debug|Any CPU.Build.0 = Debug|Any CPU
		{BA32644D-6C92-4577-BD62-82BD5DDBAD66}.Release|Any CPU.ActiveCfg = Release|Any CPU
		{BA32644D-6C92-4577-BD62-82BD5DDBAD66}.Release|Any CPU.Build.0 = Release|Any CPU
	EndGlobalSection
	GlobalSection(SolutionProperties) = preSolution
		HideSolutionNode = FALSE
	EndGlobalSection
	GlobalSection(ExtensibilityGlobals) = postSolution
		SolutionGuid = {F6D6735F-8E84-46AC-8F2E-887EE5819C40}
	EndGlobalSection
EndGlobal
